<?xml version="1.0" encoding="utf-8"?>
<Project ToolsVersion="4.0" xmlns="http://schemas.microsoft.com/developer/msbuild/2003">
  <ItemGroup>
    <Filter Include="Source Files">
      <UniqueIdentifier>{4FC737F1-C7A5-4376-A066-2A32D752A2FF}</UniqueIdentifier>
      <Extensions>cpp;c;cc;cxx;c++;cppm;ixx;def;odl;idl;hpj;bat;asm;asmx</Extensions>
    </Filter>
    <Filter Include="Header Files">
      <UniqueIdentifier>{93995380-89BD-4b04-88EB-625FBE52EBFB}</UniqueIdentifier>
      <Extensions>h;hh;hpp;hxx;h++;hm;inl;inc;ipp;xsd</Extensions>
    </Filter>
    <Filter Include="Resource Files">
      <UniqueIdentifier>{67DA6AB6-F800-4c08-8B7A-83BB121AAD01}</UniqueIdentifier>
      <Extensions>rc;ico;cur;bmp;dlg;rc2;rct;bin;rgs;gif;jpg;jpeg;jpe;resx;tiff;tif;png;wav;mfcribbon-ms</Extensions>
    </Filter>
    <Filter Include="pch">
      <UniqueIdentifier>{cdcf7972-cd71-4674-92fa-d82104af7d03}</UniqueIdentifier>
    </Filter>
    <Filter Include="Utility">
      <UniqueIdentifier>{d9f9b2ee-c6a6-4642-b5e8-18e12bc613f1}</UniqueIdentifier>
    </Filter>
    <Filter Include="Networking">
      <UniqueIdentifier>{be79b953-f63a-4492-8398-5b301efbd88a}</UniqueIdentifier>
    </Filter>
    <Filter Include="Window">
      <UniqueIdentifier>{c7fc5138-be6b-4c61-9253-49af685187f2}</UniqueIdentifier>
    </Filter>
  </ItemGroup>
  <ItemGroup>
    <ClCompile Include="src\WinMain.cpp">
      <Filter>Source Files</Filter>
    </ClCompile>
    <ClCompile Include="src\pch.cpp">
      <Filter>pch</Filter>
    </ClCompile>
    <ClCompile Include="src\WinSockLib.cpp">
      <Filter>Networking</Filter>
    </ClCompile>
    <ClCompile Include="src\Network\TCPServer.cpp">
      <Filter>Networking</Filter>
    </ClCompile>
    <ClCompile Include="src\Network\TCPSocket.cpp">
      <Filter>Networking</Filter>
    </ClCompile>
  </ItemGroup>
  <ItemGroup>
    <ClInclude Include="src\WinSockLib.hpp">
      <Filter>Networking</Filter>
    </ClInclude>
    <ClInclude Include="src\Network\TCPServer.hpp">
      <Filter>Networking</Filter>
    </ClInclude>
    <ClInclude Include="src\Network\SafeSocket.hpp">
      <Filter>Networking</Filter>
    </ClInclude>
    <ClInclude Include="src\Network\TCPSocket.hpp">
      <Filter>Networking</Filter>
    </ClInclude>
    <ClInclude Include="src\NonCopyable.hpp">
      <Filter>Utility</Filter>
    </ClInclude>
    <ClInclude Include="src\pch.hpp">
      <Filter>pch</Filter>
    </ClInclude>
    <ClInclude Include="src\UniqueResource.hpp">
      <Filter>Utility</Filter>
    </ClInclude>
    <ClInclude Include="src\Network\TCPAcceptor.hpp">
      <Filter>Networking</Filter>
    </ClInclude>
    <ClInclude Include="src\Network\TCPClient.hpp">
      <Filter>Networking</Filter>
    </ClInclude>
    <ClInclude Include="src\Network\TCPResolver.hpp">
      <Filter>Networking</Filter>
    </ClInclude>
    <ClInclude Include="src\Network\TCPStream.hpp">
      <Filter>Networking</Filter>
    </ClInclude>
    <ClInclude Include="src\Window\WindowClass.hpp">
      <Filter>Window</Filter>
    </ClInclude>
    <ClInclude Include="src\Network\TCPInterface.hpp">
      <Filter>Header Files</Filter>
    </ClInclude>
    <ClInclude Include="src\Window\SelectionWindow.hpp">
      <Filter>Window</Filter>
    </ClInclude>
    <ClInclude Include="src\Window\WindowInterface.hpp">
      <Filter>Header Files</Filter>
    </ClInclude>
  </ItemGroup>
  <ItemGroup>
    <None Include="packages.config" />
  </ItemGroup>
</Project>